
Microsoft Visual Studio Solution File, Format Version 12.00
# Visual Studio 15
VisualStudioVersion = 15.0.28010.2003
MinimumVisualStudioVersion = 10.0.40219.1
Project("{8BC9CEB8-8B4A-11D0-8D11-00A0C91BC942}") = "pythonic", "pythonic\pythonic.vcxproj", "{0213298A-1E1B-4D69-B30D-4733822920FC}"
EndProject
Project("{8BC9CEB8-8B4A-11D0-8D11-00A0C91BC942}") = "test", "test\test.vcxproj", "{F1CAC9F7-45AD-436A-B6C8-46D01D5EA727}"
EndProject
Project("{8BC9CEB8-8B4A-11D0-8D11-00A0C91BC942}") = "release", "release\release.vcxproj", "{23063A2C-0DC0-4226-BC33-B1F7A73AAEE6}"
	ProjectSection(ProjectDependencies) = postProject
		{0213298A-1E1B-4D69-B30D-4733822920FC} = {0213298A-1E1B-4D69-B30D-4733822920FC}
	EndProjectSection
EndProject
Global
	GlobalSection(SolutionConfigurationPlatforms) = preSolution
		Debug|x64 = Debug|x64
		Debug|x86 = Debug|x86
		Release|x64 = Release|x64
		Release|x86 = Release|x86
	EndGlobalSection
	GlobalSection(ProjectConfigurationPlatforms) = postSolution
		{0213298A-1E1B-4D69-B30D-4733822920FC}.Debug|x64.ActiveCfg = Debug|x64
		{0213298A-1E1B-4D69-B30D-4733822920FC}.Debug|x64.Build.0 = Debug|x64
		{0213298A-1E1B-4D69-B30D-4733822920FC}.Debug|x86.ActiveCfg = Debug|Win32
		{0213298A-1E1B-4D69-B30D-4733822920FC}.Debug|x86.Build.0 = Debug|Win32
		{0213298A-1E1B-4D69-B30D-4733822920FC}.Release|x64.ActiveCfg = Release|x64
		{0213298A-1E1B-4D69-B30D-4733822920FC}.Release|x64.Build.0 = Release|x64
		{0213298A-1E1B-4D69-B30D-4733822920FC}.Release|x86.ActiveCfg = Release|Win32
		{0213298A-1E1B-4D69-B30D-4733822920FC}.Release|x86.Build.0 = Release|Win32
		{F1CAC9F7-45AD-436A-B6C8-46D01D5EA727}.Debug|x64.ActiveCfg = Debug|x64
		{F1CAC9F7-45AD-436A-B6C8-46D01D5EA727}.Debug|x64.Build.0 = Debug|x64
		{F1CAC9F7-45AD-436A-B6C8-46D01D5EA727}.Debug|x86.ActiveCfg = Debug|Win32
		{F1CAC9F7-45AD-436A-B6C8-46D01D5EA727}.Debug|x86.Build.0 = Debug|Win32
		{F1CAC9F7-45AD-436A-B6C8-46D01D5EA727}.Release|x64.ActiveCfg = Release|x64
		{F1CAC9F7-45AD-436A-B6C8-46D01D5EA727}.Release|x64.Build.0 = Release|x64
		{F1CAC9F7-45AD-436A-B6C8-46D01D5EA727}.Release|x86.ActiveCfg = Release|Win32
		{F1CAC9F7-45AD-436A-B6C8-46D01D5EA727}.Release|x86.Build.0 = Release|Win32
		{23063A2C-0DC0-4226-BC33-B1F7A73AAEE6}.Debug|x64.ActiveCfg = Debug|x64
		{23063A2C-0DC0-4226-BC33-B1F7A73AAEE6}.Debug|x64.Build.0 = Debug|x64
		{23063A2C-0DC0-4226-BC33-B1F7A73AAEE6}.Debug|x86.ActiveCfg = Debug|Win32
		{23063A2C-0DC0-4226-BC33-B1F7A73AAEE6}.Debug|x86.Build.0 = Debug|Win32
		{23063A2C-0DC0-4226-BC33-B1F7A73AAEE6}.Release|x64.ActiveCfg = Release|x64
		{23063A2C-0DC0-4226-BC33-B1F7A73AAEE6}.Release|x64.Build.0 = Release|x64
		{23063A2C-0DC0-4226-BC33-B1F7A73AAEE6}.Release|x86.ActiveCfg = Release|Win32
		{23063A2C-0DC0-4226-BC33-B1F7A73AAEE6}.Release|x86.Build.0 = Release|Win32
	EndGlobalSection
	GlobalSection(SolutionProperties) = preSolution
		HideSolutionNode = FALSE
	EndGlobalSection
	GlobalSection(ExtensibilityGlobals) = postSolution
		SolutionGuid = {B41B8334-35C1-4A9C-A52C-9C740AB9B92F}
	EndGlobalSection
EndGlobal
